version: 1
sources:
  go:
    repository: https://github.com/ydb-platform/ydb-go-sdk
    requested-ref:
      kind: branch
      name: docs/topic-snippets
    resolved-commit: bd0d7efa4ce067cae0322a2c2bd03763b01f375a
    include:
    - examples/ydb_tech/topic/main.go
    files:
      examples/ydb_tech/topic/main.go:
        git-blob: 4313ed4e4cb965d19ad8efd0eafb52e8787f72f7
        size: 17516
        sha256: 05e2f0084647f52f3de0ee713632784bd193bafa048316451459faa1e862105f
  java:
    repository: https://github.com/ydb-platform/ydb-java-examples
    requested-ref:
      kind: branch
      name: docs/topic-snippets
    resolved-commit: c7e39602fa587ab1c3bbde58c8f018f89d7ae5be
    include:
    - examples/ydb_tech/topic/src/main/java/tech/ydb/examples/topic/TopicExample.java
    files:
      examples/ydb_tech/topic/src/main/java/tech/ydb/examples/topic/TopicExample.java:
        git-blob: d333971637bd1071f8b35803993f56ec61cc4fab
        size: 26766
        sha256: eec321f3b79e2fcb48438103f2c6f3f21d306df16c064b11efdd910956edab46
  python:
    repository: https://github.com/ydb-platform/ydb-python-sdk
    requested-ref:
      kind: branch
      name: docs/topic-snippets
    resolved-commit: 3138cc3ccee2bfbd5aef08329f34a3c47add2598
    include:
    - examples/ydb_tech/topic/sync_example.py
    - examples/ydb_tech/topic/async_example.py
    files:
      examples/ydb_tech/topic/async_example.py:
        git-blob: d0a2c65551289a3bfe73a2fb625b5063aa28e8df
        size: 11674
        sha256: 32d4674a1ad59fd864cc463cdec0b1c1593afb7da31526074dd91c79820a18b5
      examples/ydb_tech/topic/sync_example.py:
        git-blob: 678df727346cc181c4220bccb388068ce9b7011e
        size: 10914
        sha256: cce7780e54e34e830c94528c06a3dbb3293baa26762efe45a3125aad73a976c1
  dotnet:
    repository: https://github.com/ydb-platform/ydb-dotnet-sdk
    requested-ref:
      kind: branch
      name: docs/topic-snippets
    resolved-commit: 02a6ac75dbbf35b2115b54d9c15539ed66037765
    include:
    - examples/ydb_tech/topic/Program.cs
    files:
      examples/ydb_tech/topic/Program.cs:
        git-blob: 65867d60e48b66e82067ebaa0d1668e7bc25bece
        size: 6089
        sha256: 0d9320221603c8f275c461f3b1a6c36fe8ee203316704fde3c68dece5ad8c4d6
  javascript:
    repository: https://github.com/ydb-platform/ydb-js-sdk
    requested-ref:
      kind: branch
      name: docs/topic-snippets
    resolved-commit: f73cd16b95118882854e259fd4837e01e4a32aed
    include:
    - examples/ydb_tech/topic/main.ts
    files:
      examples/ydb_tech/topic/main.ts:
        git-blob: 29f133c669f80e06ff074d9d2e6f3cc3504aad85
        size: 8430
        sha256: 9956de07d6aa1358a74e8d9d6295b20fd8527c7249bfa3ee8fdcde87e140811d
  rust:
    repository: https://github.com/ydb-platform/ydb-rs-sdk
    requested-ref:
      kind: branch
      name: docs/topic-snippets
    resolved-commit: 38adc5f47d91c61cf541fbd2fd0b1a5d65fb4100
    include:
    - ydb/examples/ydb_tech/topic/main.rs
    files:
      ydb/examples/ydb_tech/topic/main.rs:
        git-blob: 37c759f7e70c4328899ad3ac7a974540de0fe665
        size: 7414
        sha256: 55d00414f2459b5c98f5e87e3eb9ddc60686f1100aa7e06ef1252cc70d61168f
  cpp:
    repository: https://github.com/ydb-platform/ydb-cpp-sdk
    requested-ref:
      kind: branch
      name: docs/topic-snippets
    resolved-commit: 130cf2f695d083d0131434e674d7b1419fc15c22
    include:
    - examples/ydb_tech/topic/main.cpp
    files:
      examples/ydb_tech/topic/main.cpp:
        git-blob: fafc993f33a8d7a901a5bcb869c1589b5f38e7a5
        size: 24423
        sha256: 579d45a69dfbfe98ceecedeeb56bb30817166fc90be93b6c9739a00e81a42b91
