# Generated by buf. DO NOT EDIT.
version: v1
deps:
  - remote: buf.build
    owner: googleapis
    repository: googleapis
    commit: e93e34f48be043dab55be31b4b47f458
    digest: shake256:93dbe51c27606999eef918360df509485a4d272e79aaed6d0016940379a9b06d316fc5228b7b50cca94bb310f34c5fc5955ce7474f655f0d0a224c4121dda3c1
  - remote: buf.build
    owner: temporalio
    repository: api
    commit: 95c35fbcc7f647cbb0facec6fb60aca8
    digest: shake256:f40de31043fe8dbf433395ebd2c7fef6a395582a856da1476cf5bb8ec32c7091a2c21208590effa59715bcceceec8ab2a6331919eb260d72b1091d9c76fd535b
